
Microsoft Visual Studio Solution File, Format Version 12.00
# Visual Studio 15
VisualStudioVersion = 15.0.27130.2036
MinimumVisualStudioVersion = 10.0.40219.1
Project("{151D2E53-A2C4-4D7D-83FE-D05416EBD58E}") = "External AD Lab WS2008R2", "External AD Lab WS2008R2\External AD Lab WS2008R2.deployproj", "{55A7661E-C544-4150-8D1A-17D368159595}"
EndProject
Global
	GlobalSection(SolutionConfigurationPlatforms) = preSolution
		Debug|Any CPU = Debug|Any CPU
		Release|Any CPU = Release|Any CPU
	EndGlobalSection
	GlobalSection(ProjectConfigurationPlatforms) = postSolution
		{55A7661E-C544-4150-8D1A-17D368159595}.Debug|Any CPU.ActiveCfg = Debug|Any CPU
		{55A7661E-C544-4150-8D1A-17D368159595}.Debug|Any CPU.Build.0 = Debug|Any CPU
		{55A7661E-C544-4150-8D1A-17D368159595}.Release|Any CPU.ActiveCfg = Release|Any CPU
		{55A7661E-C544-4150-8D1A-17D368159595}.Release|Any CPU.Build.0 = Release|Any CPU
	EndGlobalSection
	GlobalSection(SolutionProperties) = preSolution
		HideSolutionNode = FALSE
	EndGlobalSection
	GlobalSection(ExtensibilityGlobals) = postSolution
		SolutionGuid = {CF0186EB-9F29-4736-853C-D5BEC027C4A2}
	EndGlobalSection
EndGlobal
